
Microsoft Visual Studio Solution File, Format Version 12.00
# Visual Studio Version 17
VisualStudioVersion = 17.13.35931.197 d17.13
MinimumVisualStudioVersion = 10.0.40219.1
Project("{FAE04EC0-301F-11D3-BF4B-00C04F79EFBC}") = "WindowsFormsApp4_fruitStore", "WindowsFormsApp4_fruitStore\WindowsFormsApp4_fruitStore.csproj", "{5CC385D8-2AC6-45EB-92C6-EA3F2C12AA2C}"
EndProject
Global
	GlobalSection(SolutionConfigurationPlatforms) = preSolution
		Debug|Any CPU = Debug|Any CPU
		Release|Any CPU = Release|Any CPU
	EndGlobalSection
	GlobalSection(ProjectConfigurationPlatforms) = postSolution
		{5CC385D8-2AC6-45EB-92C6-EA3F2C12AA2C}.Debug|Any CPU.ActiveCfg = Debug|Any CPU
		{5CC385D8-2AC6-45EB-92C6-EA3F2C12AA2C}.Debug|Any CPU.Build.0 = Debug|Any CPU
		{5CC385D8-2AC6-45EB-92C6-EA3F2C12AA2C}.Release|Any CPU.ActiveCfg = Release|Any CPU
		{5CC385D8-2AC6-45EB-92C6-EA3F2C12AA2C}.Release|Any CPU.Build.0 = Release|Any CPU
	EndGlobalSection
	GlobalSection(SolutionProperties) = preSolution
		HideSolutionNode = FALSE
	EndGlobalSection
	GlobalSection(ExtensibilityGlobals) = postSolution
		SolutionGuid = {BD56CB34-3911-4B3B-82DF-FF2D2B63DFE4}
	EndGlobalSection
EndGlobal
